
Microsoft Visual Studio Solution File, Format Version 11.00
# Visual Studio 2010
Project("{FAE04EC0-301F-11D3-BF4B-00C04F79EFBC}") = "Merkator.Tools", "Merkator.Tools\Merkator.Tools.csproj", "{5A83E78C-2BB4-4991-B819-4C34BA849AC2}"
EndProject
Global
	GlobalSection(SolutionConfigurationPlatforms) = preSolution
		Debug|Any CPU = Debug|Any CPU
		Release|Any CPU = Release|Any CPU
	EndGlobalSection
	GlobalSection(ProjectConfigurationPlatforms) = postSolution
		{5A83E78C-2BB4-4991-B819-4C34BA849AC2}.Debug|Any CPU.ActiveCfg = Debug|Any CPU
		{5A83E78C-2BB4-4991-B819-4C34BA849AC2}.Debug|Any CPU.Build.0 = Debug|Any CPU
		{5A83E78C-2BB4-4991-B819-4C34BA849AC2}.Release|Any CPU.ActiveCfg = Release|Any CPU
		{5A83E78C-2BB4-4991-B819-4C34BA849AC2}.Release|Any CPU.Build.0 = Release|Any CPU
	EndGlobalSection
	GlobalSection(SolutionProperties) = preSolution
		HideSolutionNode = FALSE
	EndGlobalSection
EndGlobal
